// !$*UTF8*$!
{
	archiveVersion = 1;
	classes = {
	};
	objectVersion = 50;
	objects = {

/* Begin PBXBuildFile section */
		2F3C6BD3254C727A00AF38F6 /* AppDelegate.swift in Sources */ = {isa = PBXBuildFile; fileRef = 2F3C6BD2254C727A00AF38F6 /* AppDelegate.swift */; };
		2F3C6BD5254C727A00AF38F6 /* art.scnassets in Resources */ = {isa = PBXBuildFile; fileRef = 2F3C6BD4254C727A00AF38F6 /* art.scnassets */; };
		2F3C6BD7254C727A00AF38F6 /* ViewController.swift in Sources */ = {isa = PBXBuildFile; fileRef = 2F3C6BD6254C727A00AF38F6 /* ViewController.swift */; };
		2F3C6BDA254C727A00AF38F6 /* Main.storyboard in Resources */ = {isa = PBXBuildFile; fileRef = 2F3C6BD8254C727A00AF38F6 /* Main.storyboard */; };
		2F3C6BDC254C727B00AF38F6 /* Assets.xcassets in Resources */ = {isa = PBXBuildFile; fileRef = 2F3C6BDB254C727B00AF38F6 /* Assets.xcassets */; };
		2F3C6BDF254C727B00AF38F6 /* LaunchScreen.storyboard in Resources */ = {isa = PBXBuildFile; fileRef = 2F3C6BDD254C727B00AF38F6 /* LaunchScreen.storyboard */; };
		2F3C6BEA254C727B00AF38F6 /* RulerTests.swift in Sources */ = {isa = PBXBuildFile; fileRef = 2F3C6BE9254C727B00AF38F6 /* RulerTests.swift */; };
		2F3C6BF5254C727B00AF38F6 /* RulerUITests.swift in Sources */ = {isa = PBXBuildFile; fileRef = 2F3C6BF4254C727B00AF38F6 /* RulerUITests.swift */; };
/* End PBXBuildFile section */

/* Begin PBXContainerItemProxy section */
		2F3C6BE6254C727B00AF38F6 /* PBXContainerItemProxy */ = {
			isa = PBXContainerItemProxy;
			containerPortal = 2F3C6BC7254C727A00AF38F6 /* Project object */;
			proxyType = 1;
			remoteGlobalIDString = 2F3C6BCE254C727A00AF38F6;
			remoteInfo = Ruler;
		};
		2F3C6BF1254C727B00AF38F6 /* PBXContainerItemProxy */ = {
			isa = PBXContainerItemProxy;
			containerPortal = 2F3C6BC7254C727A00AF38F6 /* Project object */;
			proxyType = 1;
			remoteGlobalIDString = 2F3C6BCE254C727A00AF38F6;
			remoteInfo = Ruler;
		};
/* End PBXContainerItemProxy section */

/* Begin PBXFileReference section */
		2F3C6BCF254C727A00AF38F6 /* Ruler.app */ = {isa = PBXFileReference; explicitFileType = wrapper.application; includeInIndex = 0; path = Ruler.app; sourceTree = BUILT_PRODUCTS_DIR; };
		2F3C6BD2254C727A00AF38F6 /* AppDelegate.swift */ = {isa = PBXFileReference; lastKnownFileType = sourcecode.swift; path = AppDelegate.swift; sourceTree = "<group>"; };
		2F3C6BD4254C727A00AF38F6 /* art.scnassets */ = {isa = PBXFileReference; lastKnownFileType = wrapper.scnassets; path = art.scnassets; sourceTree = "<group>"; };
		2F3C6BD6254C727A00AF38F6 /* ViewController.swift */ = {isa = PBXFileReference; lastKnownFileType = sourcecode.swift; path = ViewController.swift; sourceTree = "<group>"; };
		2F3C6BD9254C727A00AF38F6 /* Base */ = {isa = PBXFileReference; lastKnownFileType = file.storyboard; name = Base; path = Base.lproj/Main.storyboard; sourceTree = "<group>"; };
		2F3C6BDB254C727B00AF38F6 /* Assets.xcassets */ = {isa = PBXFileReference; lastKnownFileType = folder.assetcatalog; path = Assets.xcassets; sourceTree = "<group>"; };
		2F3C6BDE254C727B00AF38F6 /* Base */ = {isa = PBXFileReference; lastKnownFileType = file.storyboard; name = Base; path = Base.lproj/LaunchScreen.storyboard; sourceTree = "<group>"; };
		2F3C6BE0254C727B00AF38F6 /* Info.plist */ = {isa = PBXFileReference; lastKnownFileType = text.plist.xml; path = Info.plist; sourceTree = "<group>"; };
		2F3C6BE5254C727B00AF38F6 /* RulerTests.xctest */ = {isa = PBXFileReference; explicitFileType = wrapper.cfbundle; includeInIndex = 0; path = RulerTests.xctest; sourceTree = BUILT_PRODUCTS_DIR; };
		2F3C6BE9254C727B00AF38F6 /* RulerTests.swift */ = {isa = PBXFileReference; lastKnownFileType = sourcecode.swift; path = RulerTests.swift; sourceTree = "<group>"; };
		2F3C6BEB254C727B00AF38F6 /* Info.plist */ = {isa = PBXFileReference; lastKnownFileType = text.plist.xml; path = Info.plist; sourceTree = "<group>"; };
		2F3C6BF0254C727B00AF38F6 /* RulerUITests.xctest */ = {isa = PBXFileReference; explicitFileType = wrapper.cfbundle; includeInIndex = 0; path = RulerUITests.xctest; sourceTree = BUILT_PRODUCTS_DIR; };
		2F3C6BF4254C727B00AF38F6 /* RulerUITests.swift */ = {isa = PBXFileReference; lastKnownFileType = sourcecode.swift; path = RulerUITests.swift; sourceTree = "<group>"; };
		2F3C6BF6254C727B00AF38F6 /* Info.plist */ = {isa = PBXFileReference; lastKnownFileType = text.plist.xml; path = Info.plist; sourceTree = "<group>"; };
/* End PBXFileReference section */

/* Begin PBXFrameworksBuildPhase section */
		2F3C6BCC254C727A00AF38F6 /* Frameworks */ = {
			isa = PBXFrameworksBuildPhase;
			buildActionMask = 2147483647;
			files = (
			);
			runOnlyForDeploymentPostprocessing = 0;
		};
		2F3C6BE2254C727B00AF38F6 /* Frameworks */ = {
			isa = PBXFrameworksBuildPhase;
			buildActionMask = 2147483647;
			files = (
			);
			runOnlyForDeploymentPostprocessing = 0;
		};
		2F3C6BED254C727B00AF38F6 /* Frameworks */ = {
			isa = PBXFrameworksBuildPhase;
			buildActionMask = 2147483647;
			files = (
			);
			runOnlyForDeploymentPostprocessing = 0;
		};
/* End PBXFrameworksBuildPhase section */

/* Begin PBXGroup section */
		2F3C6BC6254C727A00AF38F6 = {
			isa = PBXGroup;
			children = (
				2F3C6BD1254C727A00AF38F6 /* Ruler */,
				2F3C6BE8254C727B00AF38F6 /* RulerTests */,
				2F3C6BF3254C727B00AF38F6 /* RulerUITests */,
				2F3C6BD0254C727A00AF38F6 /* Products */,
			);
			sourceTree = "<group>";
		};
		2F3C6BD0254C727A00AF38F6 /* Products */ = {
			isa = PBXGroup;
			children = (
				2F3C6BCF254C727A00AF38F6 /* Ruler.app */,
				2F3C6BE5254C727B00AF38F6 /* RulerTests.xctest */,
				2F3C6BF0254C727B00AF38F6 /* RulerUITests.xctest */,
			);
			name = Products;
			sourceTree = "<group>";
		};
		2F3C6BD1254C727A00AF38F6 /* Ruler */ = {
			isa = PBXGroup;
			children = (
				2F3C6BD2254C727A00AF38F6 /* AppDelegate.swift */,
				2F3C6BD4254C727A00AF38F6 /* art.scnassets */,
				2F3C6BD6254C727A00AF38F6 /* ViewController.swift */,
				2F3C6BD8254C727A00AF38F6 /* Main.storyboard */,
				2F3C6BDB254C727B00AF38F6 /* Assets.xcassets */,
				2F3C6BDD254C727B00AF38F6 /* LaunchScreen.storyboard */,
				2F3C6BE0254C727B00AF38F6 /* Info.plist */,
			);
			path = Ruler;
			sourceTree = "<group>";
		};
		2F3C6BE8254C727B00AF38F6 /* RulerTests */ = {
			isa = PBXGroup;
			children = (
				2F3C6BE9254C727B00AF38F6 /* RulerTests.swift */,
				2F3C6BEB254C727B00AF38F6 /* Info.plist */,
			);
			path = RulerTests;
			sourceTree = "<group>";
		};
		2F3C6BF3254C727B00AF38F6 /* RulerUITests */ = {
			isa = PBXGroup;
			children = (
				2F3C6BF4254C727B00AF38F6 /* RulerUITests.swift */,
				2F3C6BF6254C727B00AF38F6 /* Info.plist */,
			);
			path = RulerUITests;
			sourceTree = "<group>";
		};
/* End PBXGroup section */

/* Begin PBXNativeTarget section */
		2F3C6BCE254C727A00AF38F6 /* Ruler */ = {
			isa = PBXNativeTarget;
			buildConfigurationList = 2F3C6BF9254C727B00AF38F6 /* Build configuration list for PBXNativeTarget "Ruler" */;
			buildPhases = (
				2F3C6BCB254C727A00AF38F6 /* Sources */,
				2F3C6BCC254C727A00AF38F6 /* Frameworks */,
				2F3C6BCD254C727A00AF38F6 /* Resources */,
			);
			buildRules = (
			);
			dependencies = (
			);
			name = Ruler;
			productName = Ruler;
			productReference = 2F3C6BCF254C727A00AF38F6 /* Ruler.app */;
			productType = "com.apple.product-type.application";
		};
		2F3C6BE4254C727B00AF38F6 /* RulerTests */ = {
			isa = PBXNativeTarget;
			buildConfigurationList = 2F3C6BFC254C727B00AF38F6 /* Build configuration list for PBXNativeTarget "RulerTests" */;
			buildPhases = (
				2F3C6BE1254C727B00AF38F6 /* Sources */,
				2F3C6BE2254C727B00AF38F6 /* Frameworks */,
				2F3C6BE3254C727B00AF38F6 /* Resources */,
			);
			buildRules = (
			);
			dependencies = (
				2F3C6BE7254C727B00AF38F6 /* PBXTargetDependency */,
			);
			name = RulerTests;
			productName = RulerTests;
			productReference = 2F3C6BE5254C727B00AF38F6 /* RulerTests.xctest */;
			productType = "com.apple.product-type.bundle.unit-test";
		};
		2F3C6BEF254C727B00AF38F6 /* RulerUITests */ = {
			isa = PBXNativeTarget;
			buildConfigurationList = 2F3C6BFF254C727B00AF38F6 /* Build configuration list for PBXNativeTarget "RulerUITests" */;
			buildPhases = (
				2F3C6BEC254C727B00AF38F6 /* Sources */,
				2F3C6BED254C727B00AF38F6 /* Frameworks */,
				2F3C6BEE254C727B00AF38F6 /* Resources */,
			);
			buildRules = (
			);
			dependencies = (
				2F3C6BF2254C727B00AF38F6 /* PBXTargetDependency */,
			);
			name = RulerUITests;
			productName = RulerUITests;
			productReference = 2F3C6BF0254C727B00AF38F6 /* RulerUITests.xctest */;
			productType = "com.apple.product-type.bundle.ui-testing";
		};
/* End PBXNativeTarget section */

/* Begin PBXProject section */
		2F3C6BC7254C727A00AF38F6 /* Project object */ = {
			isa = PBXProject;
			attributes = {
				LastSwiftUpdateCheck = 1210;
				LastUpgradeCheck = 1210;
				TargetAttributes = {
					2F3C6BCE254C727A00AF38F6 = {
						CreatedOnToolsVersion = 12.1;
					};
					2F3C6BE4254C727B00AF38F6 = {
						CreatedOnToolsVersion = 12.1;
						TestTargetID = 2F3C6BCE254C727A00AF38F6;
					};
					2F3C6BEF254C727B00AF38F6 = {
						CreatedOnToolsVersion = 12.1;
						TestTargetID = 2F3C6BCE254C727A00AF38F6;
					};
				};
			};
			buildConfigurationList = 2F3C6BCA254C727A00AF38F6 /* Build configuration list for PBXProject "Ruler" */;
			compatibilityVersion = "Xcode 9.3";
			developmentRegion = en;
			hasScannedForEncodings = 0;
			knownRegions = (
				en,
				Base,
			);
			mainGroup = 2F3C6BC6254C727A00AF38F6;
			productRefGroup = 2F3C6BD0254C727A00AF38F6 /* Products */;
			projectDirPath = "";
			projectRoot = "";
			targets = (
				2F3C6BCE254C727A00AF38F6 /* Ruler */,
				2F3C6BE4254C727B00AF38F6 /* RulerTests */,
				2F3C6BEF254C727B00AF38F6 /* RulerUITests */,
			);
		};
/* End PBXProject section */

/* Begin PBXResourcesBuildPhase section */
		2F3C6BCD254C727A00AF38F6 /* Resources */ = {
			isa = PBXResourcesBuildPhase;
			buildActionMask = 2147483647;
			files = (
				2F3C6BD5254C727A00AF38F6 /* art.scnassets in Resources */,
				2F3C6BDF254C727B00AF38F6 /* LaunchScreen.storyboard in Resources */,
				2F3C6BDC254C727B00AF38F6 /* Assets.xcassets in Resources */,
				2F3C6BDA254C727A00AF38F6 /* Main.storyboard in Resources */,
			);
			runOnlyForDeploymentPostprocessing = 0;
		};
		2F3C6BE3254C727B00AF38F6 /* Resources */ = {
			isa = PBXResourcesBuildPhase;
			buildActionMask = 2147483647;
			files = (
			);
			runOnlyForDeploymentPostprocessing = 0;
		};
		2F3C6BEE254C727B00AF38F6 /* Resources */ = {
			isa = PBXResourcesBuildPhase;
			buildActionMask = 2147483647;
			files = (
			);
			runOnlyForDeploymentPostprocessing = 0;
		};
/* End PBXResourcesBuildPhase section */

/* Begin PBXSourcesBuildPhase section */
		2F3C6BCB254C727A00AF38F6 /* Sources */ = {
			isa = PBXSourcesBuildPhase;
			buildActionMask = 2147483647;
			files = (
				2F3C6BD7254C727A00AF38F6 /* ViewController.swift in Sources */,
				2F3C6BD3254C727A00AF38F6 /* AppDelegate.swift in Sources */,
			);
			runOnlyForDeploymentPostprocessing = 0;
		};
		2F3C6BE1254C727B00AF38F6 /* Sources */ = {
			isa = PBXSourcesBuildPhase;
			buildActionMask = 2147483647;
			files = (
				2F3C6BEA254C727B00AF38F6 /* RulerTests.swift in Sources */,
			);
			runOnlyForDeploymentPostprocessing = 0;
		};
		2F3C6BEC254C727B00AF38F6 /* Sources */ = {
			isa = PBXSourcesBuildPhase;
			buildActionMask = 2147483647;
			files = (
				2F3C6BF5254C727B00AF38F6 /* RulerUITests.swift in Sources */,
			);
			runOnlyForDeploymentPostprocessing = 0;
		};
/* End PBXSourcesBuildPhase section */

/* Begin PBXTargetDependency section */
		2F3C6BE7254C727B00AF38F6 /* PBXTargetDependency */ = {
			isa = PBXTargetDependency;
			target = 2F3C6BCE254C727A00AF38F6 /* Ruler */;
			targetProxy = 2F3C6BE6254C727B00AF38F6 /* PBXContainerItemProxy */;
		};
		2F3C6BF2254C727B00AF38F6 /* PBXTargetDependency */ = {
			isa = PBXTargetDependency;
			target = 2F3C6BCE254C727A00AF38F6 /* Ruler */;
			targetProxy = 2F3C6BF1254C727B00AF38F6 /* PBXContainerItemProxy */;
		};
/* End PBXTargetDependency section */

/* Begin PBXVariantGroup section */
		2F3C6BD8254C727A00AF38F6 /* Main.storyboard */ = {
			isa = PBXVariantGroup;
			children = (
				2F3C6BD9254C727A00AF38F6 /* Base */,
			);
			name = Main.storyboard;
			sourceTree = "<group>";
		};
		2F3C6BDD254C727B00AF38F6 /* LaunchScreen.storyboard */ = {
			isa = PBXVariantGroup;
			children = (
				2F3C6BDE254C727B00AF38F6 /* Base */,
			);
			name = LaunchScreen.storyboard;
			sourceTree = "<group>";
		};
/* End PBXVariantGroup section */

/* Begin XCBuildConfiguration section */
		2F3C6BF7254C727B00AF38F6 /* Debug */ = {
			isa = XCBuildConfiguration;
			buildSettings = {
				ALWAYS_SEARCH_USER_PATHS = NO;
				CLANG_ANALYZER_NONNULL = YES;
				CLANG_ANALYZER_NUMBER_OBJECT_CONVERSION = YES_AGGRESSIVE;
				CLANG_CXX_LANGUAGE_STANDARD = "gnu++14";
				CLANG_CXX_LIBRARY = "libc++";
				CLANG_ENABLE_MODULES = YES;
				CLANG_ENABLE_OBJC_ARC = YES;
				CLANG_ENABLE_OBJC_WEAK = YES;
				CLANG_WARN_BLOCK_CAPTURE_AUTORELEASING = YES;
				CLANG_WARN_BOOL_CONVERSION = YES;
				CLANG_WARN_COMMA = YES;
				CLANG_WARN_CONSTANT_CONVERSION = YES;
				CLANG_WARN_DEPRECATED_OBJC_IMPLEMENTATIONS = YES;
				CLANG_WARN_DIRECT_OBJC_ISA_USAGE = YES_ERROR;
				CLANG_WARN_DOCUMENTATION_COMMENTS = YES;
				CLANG_WARN_EMPTY_BODY = YES;
				CLANG_WARN_ENUM_CONVERSION = YES;
				CLANG_WARN_INFINITE_RECURSION = YES;
				CLANG_WARN_INT_CONVERSION = YES;
				CLANG_WARN_NON_LITERAL_NULL_CONVERSION = YES;
				CLANG_WARN_OBJC_IMPLICIT_RETAIN_SELF = YES;
				CLANG_WARN_OBJC_LITERAL_CONVERSION = YES;
				CLANG_WARN_OBJC_ROOT_CLASS = YES_ERROR;
				CLANG_WARN_QUOTED_INCLUDE_IN_FRAMEWORK_HEADER = YES;
				CLANG_WARN_RANGE_LOOP_ANALYSIS = YES;
				CLANG_WARN_STRICT_PROTOTYPES = YES;
				CLANG_WARN_SUSPICIOUS_MOVE = YES;
				CLANG_WARN_UNGUARDED_AVAILABILITY = YES_AGGRESSIVE;
				CLANG_WARN_UNREACHABLE_CODE = YES;
				CLANG_WARN__DUPLICATE_METHOD_MATCH = YES;
				COPY_PHASE_STRIP = NO;
				DEBUG_INFORMATION_FORMAT = dwarf;
				ENABLE_STRICT_OBJC_MSGSEND = YES;
				ENABLE_TESTABILITY = YES;
				GCC_C_LANGUAGE_STANDARD = gnu11;
				GCC_DYNAMIC_NO_PIC = NO;
				GCC_NO_COMMON_BLOCKS = YES;
				GCC_OPTIMIZATION_LEVEL = 0;
				GCC_PREPROCESSOR_DEFINITIONS = (
					"DEBUG=1",
					"$(inherited)",
				);
				GCC_WARN_64_TO_32_BIT_CONVERSION = YES;
				GCC_WARN_ABOUT_RETURN_TYPE = YES_ERROR;
				GCC_WARN_UNDECLARED_SELECTOR = YES;
				GCC_WARN_UNINITIALIZED_AUTOS = YES_AGGRESSIVE;
				GCC_WARN_UNUSED_FUNCTION = YES;
				GCC_WARN_UNUSED_VARIABLE = YES;
				IPHONEOS_DEPLOYMENT_TARGET = 14.1;
				MTL_ENABLE_DEBUG_INFO = INCLUDE_SOURCE;
				MTL_FAST_MATH = YES;
				ONLY_ACTIVE_ARCH = YES;
				SDKROOT = iphoneos;
				SWIFT_ACTIVE_COMPILATION_CONDITIONS = DEBUG;
				SWIFT_OPTIMIZATION_LEVEL = "-Onone";
			};
			name = Debug;
		};
		2F3C6BF8254C727B00AF38F6 /* Release */ = {
			isa = XCBuildConfiguration;
			buildSettings = {
				ALWAYS_SEARCH_USER_PATHS = NO;
				CLANG_ANALYZER_NONNULL = YES;
				CLANG_ANALYZER_NUMBER_OBJECT_CONVERSION = YES_AGGRESSIVE;
				CLANG_CXX_LANGUAGE_STANDARD = "gnu++14";
				CLANG_CXX_LIBRARY = "libc++";
				CLANG_ENABLE_MODULES = YES;
				CLANG_ENABLE_OBJC_ARC = YES;
				CLANG_ENABLE_OBJC_WEAK = YES;
				CLANG_WARN_BLOCK_CAPTURE_AUTORELEASING = YES;
				CLANG_WARN_BOOL_CONVERSION = YES;
				CLANG_WARN_COMMA = YES;
				CLANG_WARN_CONSTANT_CONVERSION = YES;
				CLANG_WARN_DEPRECATED_OBJC_IMPLEMENTATIONS = YES;
				CLANG_WARN_DIRECT_OBJC_ISA_USAGE = YES_ERROR;
				CLANG_WARN_DOCUMENTATION_COMMENTS = YES;
				CLANG_WARN_EMPTY_BODY = YES;
				CLANG_WARN_ENUM_CONVERSION = YES;
				CLANG_WARN_INFINITE_RECURSION = YES;
				CLANG_WARN_INT_CONVERSION = YES;
				CLANG_WARN_NON_LITERAL_NULL_CONVERSION = YES;
				CLANG_WARN_OBJC_IMPLICIT_RETAIN_SELF = YES;
				CLANG_WARN_OBJC_LITERAL_CONVERSION = YES;
				CLANG_WARN_OBJC_ROOT_CLASS = YES_ERROR;
				CLANG_WARN_QUOTED_INCLUDE_IN_FRAMEWORK_HEADER = YES;
				CLANG_WARN_RANGE_LOOP_ANALYSIS = YES;
				CLANG_WARN_STRICT_PROTOTYPES = YES;
				CLANG_WARN_SUSPICIOUS_MOVE = YES;
				CLANG_WARN_UNGUARDED_AVAILABILITY = YES_AGGRESSIVE;
				CLANG_WARN_UNREACHABLE_CODE = YES;
				CLANG_WARN__DUPLICATE_METHOD_MATCH = YES;
				COPY_PHASE_STRIP = NO;
				DEBUG_INFORMATION_FORMAT = "dwarf-with-dsym";
				ENABLE_NS_ASSERTIONS = NO;
				ENABLE_STRICT_OBJC_MSGSEND = YES;
				GCC_C_LANGUAGE_STANDARD = gnu11;
				GCC_NO_COMMON_BLOCKS = YES;
				GCC_WARN_64_TO_32_BIT_CONVERSION = YES;
				GCC_WARN_ABOUT_RETURN_TYPE = YES_ERROR;
				GCC_WARN_UNDECLARED_SELECTOR = YES;
				GCC_WARN_UNINITIALIZED_AUTOS = YES_AGGRESSIVE;
				GCC_WARN_UNUSED_FUNCTION = YES;
				GCC_WARN_UNUSED_VARIABLE = YES;
				IPHONEOS_DEPLOYMENT_TARGET = 14.1;
				MTL_ENABLE_DEBUG_INFO = NO;
				MTL_FAST_MATH = YES;
				SDKROOT = iphoneos;
				SWIFT_COMPILATION_MODE = wholemodule;
				SWIFT_OPTIMIZATION_LEVEL = "-O";
				VALIDATE_PRODUCT = YES;
			};
			name = Release;
		};
		2F3C6BFA254C727B00AF38F6 /* Debug */ = {
			isa = XCBuildConfiguration;
			buildSettings = {
				ASSETCATALOG_COMPILER_APPICON_NAME = AppIcon;
				ASSETCATALOG_COMPILER_GLOBAL_ACCENT_COLOR_NAME = AccentColor;
				CODE_SIGN_STYLE = Automatic;
				DEVELOPMENT_TEAM = HKWTSUFG38;
				INFOPLIST_FILE = Ruler/Info.plist;
				LD_RUNPATH_SEARCH_PATHS = (
					"$(inherited)",
					"@executable_path/Frameworks",
				);
				PRODUCT_BUNDLE_IDENTIFIER = com.tuf.Ruler;
				PRODUCT_NAME = "$(TARGET_NAME)";
				SWIFT_VERSION = 5.0;
				TARGETED_DEVICE_FAMILY = "1,2";
			};
			name = Debug;
		};
		2F3C6BFB254C727B00AF38F6 /* Release */ = {
			isa = XCBuildConfiguration;
			buildSettings = {
				ASSETCATALOG_COMPILER_APPICON_NAME = AppIcon;
				ASSETCATALOG_COMPILER_GLOBAL_ACCENT_COLOR_NAME = AccentColor;
				CODE_SIGN_STYLE = Automatic;
				DEVELOPMENT_TEAM = HKWTSUFG38;
				INFOPLIST_FILE = Ruler/Info.plist;
				LD_RUNPATH_SEARCH_PATHS = (
					"$(inherited)",
					"@executable_path/Frameworks",
				);
				PRODUCT_BUNDLE_IDENTIFIER = com.tuf.Ruler;
				PRODUCT_NAME = "$(TARGET_NAME)";
				SWIFT_VERSION = 5.0;
				TARGETED_DEVICE_FAMILY = "1,2";
			};
			name = Release;
		};
		2F3C6BFD254C727B00AF38F6 /* Debug */ = {
			isa = XCBuildConfiguration;
			buildSettings = {
				ALWAYS_EMBED_SWIFT_STANDARD_LIBRARIES = YES;
				BUNDLE_LOADER = "$(TEST_HOST)";
				CODE_SIGN_STYLE = Automatic;
				DEVELOPMENT_TEAM = HKWTSUFG38;
				INFOPLIST_FILE = RulerTests/Info.plist;
				IPHONEOS_DEPLOYMENT_TARGET = 14.1;
				LD_RUNPATH_SEARCH_PATHS = (
					"$(inherited)",
					"@executable_path/Frameworks",
					"@loader_path/Frameworks",
				);
				PRODUCT_BUNDLE_IDENTIFIER = com.tuf.RulerTests;
				PRODUCT_NAME = "$(TARGET_NAME)";
				SWIFT_VERSION = 5.0;
				TARGETED_DEVICE_FAMILY = "1,2";
				TEST_HOST = "$(BUILT_PRODUCTS_DIR)/Ruler.app/Ruler";
			};
			name = Debug;
		};
		2F3C6BFE254C727B00AF38F6 /* Release */ = {
			isa = XCBuildConfiguration;
			buildSettings = {
				ALWAYS_EMBED_SWIFT_STANDARD_LIBRARIES = YES;
				BUNDLE_LOADER = "$(TEST_HOST)";
				CODE_SIGN_STYLE = Automatic;
				DEVELOPMENT_TEAM = HKWTSUFG38;
				INFOPLIST_FILE = RulerTests/Info.plist;
				IPHONEOS_DEPLOYMENT_TARGET = 14.1;
				LD_RUNPATH_SEARCH_PATHS = (
					"$(inherited)",
					"@executable_path/Frameworks",
					"@loader_path/Frameworks",
				);
				PRODUCT_BUNDLE_IDENTIFIER = com.tuf.RulerTests;
				PRODUCT_NAME = "$(TARGET_NAME)";
				SWIFT_VERSION = 5.0;
				TARGETED_DEVICE_FAMILY = "1,2";
				TEST_HOST = "$(BUILT_PRODUCTS_DIR)/Ruler.app/Ruler";
			};
			name = Release;
		};
		2F3C6C00254C727B00AF38F6 /* Debug */ = {
			isa = XCBuildConfiguration;
			buildSettings = {
				ALWAYS_EMBED_SWIFT_STANDARD_LIBRARIES = YES;
				CODE_SIGN_STYLE = Automatic;
				DEVELOPMENT_TEAM = HKWTSUFG38;
				INFOPLIST_FILE = RulerUITests/Info.plist;
				LD_RUNPATH_SEARCH_PATHS = (
					"$(inherited)",
					"@executable_path/Frameworks",
					"@loader_path/Frameworks",
				);
				PRODUCT_BUNDLE_IDENTIFIER = com.tuf.RulerUITests;
				PRODUCT_NAME = "$(TARGET_NAME)";
				SWIFT_VERSION = 5.0;
				TARGETED_DEVICE_FAMILY = "1,2";
				TEST_TARGET_NAME = Ruler;
			};
			name = Debug;
		};
		2F3C6C01254C727B00AF38F6 /* Release */ = {
			isa = XCBuildConfiguration;
			buildSettings = {
				ALWAYS_EMBED_SWIFT_STANDARD_LIBRARIES = YES;
				CODE_SIGN_STYLE = Automatic;
				DEVELOPMENT_TEAM = HKWTSUFG38;
				INFOPLIST_FILE = RulerUITests/Info.plist;
				LD_RUNPATH_SEARCH_PATHS = (
					"$(inherited)",
					"@executable_path/Frameworks",
					"@loader_path/Frameworks",
				);
				PRODUCT_BUNDLE_IDENTIFIER = com.tuf.RulerUITests;
				PRODUCT_NAME = "$(TARGET_NAME)";
				SWIFT_VERSION = 5.0;
				TARGETED_DEVICE_FAMILY = "1,2";
				TEST_TARGET_NAME = Ruler;
			};
			name = Release;
		};
/* End XCBuildConfiguration section */

/* Begin XCConfigurationList section */
		2F3C6BCA254C727A00AF38F6 /* Build configuration list for PBXProject "Ruler" */ = {
			isa = XCConfigurationList;
			buildConfigurations = (
				2F3C6BF7254C727B00AF38F6 /* Debug */,
				2F3C6BF8254C727B00AF38F6 /* Release */,
			);
			defaultConfigurationIsVisible = 0;
			defaultConfigurationName = Release;
		};
		2F3C6BF9254C727B00AF38F6 /* Build configuration list for PBXNativeTarget "Ruler" */ = {
			isa = XCConfigurationList;
			buildConfigurations = (
				2F3C6BFA254C727B00AF38F6 /* Debug */,
				2F3C6BFB254C727B00AF38F6 /* Release */,
			);
			defaultConfigurationIsVisible = 0;
			defaultConfigurationName = Release;
		};
		2F3C6BFC254C727B00AF38F6 /* Build configuration list for PBXNativeTarget "RulerTests" */ = {
			isa = XCConfigurationList;
			buildConfigurations = (
				2F3C6BFD254C727B00AF38F6 /* Debug */,
				2F3C6BFE254C727B00AF38F6 /* Release */,
			);
			defaultConfigurationIsVisible = 0;
			defaultConfigurationName = Release;
		};
		2F3C6BFF254C727B00AF38F6 /* Build configuration list for PBXNativeTarget "RulerUITests" */ = {
			isa = XCConfigurationList;
			buildConfigurations = (
				2F3C6C00254C727B00AF38F6 /* Debug */,
				2F3C6C01254C727B00AF38F6 /* Release */,
			);
			defaultConfigurationIsVisible = 0;
			defaultConfigurationName = Release;
		};
/* End XCConfigurationList section */
	};
	rootObject = 2F3C6BC7254C727A00AF38F6 /* Project object */;
}
